
Microsoft Visual Studio Solution File, Format Version 12.00
# Visual Studio 2013
VisualStudioVersion = 12.0.21005.1
MinimumVisualStudioVersion = 10.0.40219.1
Project("{D2ABAB84-BF74-430A-B69E-9DC6D40DDA17}") = "AnaliseMultidimensionalConcessionaria", "Analise_Multidimensional_Concessionaria\AnaliseMultidimensionalConcessionaria.dwproj", "{0C56C9CB-F803-4211-AA0A-467E374EB8F5}"
EndProject
Global
	GlobalSection(SolutionConfigurationPlatforms) = preSolution
		Development|Default = Development|Default
	EndGlobalSection
	GlobalSection(ProjectConfigurationPlatforms) = postSolution
		{0C56C9CB-F803-4211-AA0A-467E374EB8F5}.Development|Default.ActiveCfg = Development
		{0C56C9CB-F803-4211-AA0A-467E374EB8F5}.Development|Default.Build.0 = Development
		{0C56C9CB-F803-4211-AA0A-467E374EB8F5}.Development|Default.Deploy.0 = Development
	EndGlobalSection
	GlobalSection(SolutionProperties) = preSolution
		HideSolutionNode = FALSE
	EndGlobalSection
EndGlobal
